
Microsoft Visual Studio Solution File, Format Version 12.00
# Visual Studio Version 16
VisualStudioVersion = 16.0.31129.286
MinimumVisualStudioVersion = 10.0.40219.1
Project("{D954291E-2A0B-460D-934E-DC6B0785DB48}") = "dataneo.SharedKernel", "dataneo.SharedKernel\dataneo.SharedKernel.shproj", "{97D2DC3B-ADF6-4A14-ACBA-B3E4027B6307}"
EndProject
Project("{D954291E-2A0B-460D-934E-DC6B0785DB48}") = "dataneo.Extensions", "dataneo.Extensions\dataneo.Extensions.shproj", "{75335CB5-49E9-4697-9D01-CF09F5CCCBAC}"
EndProject
Project("{2150E333-8FDC-42A3-9474-1A3956D46DE8}") = "Tests", "Tests", "{34BF79CC-7A16-4795-9A7B-5BF549D8E1D3}"
EndProject
Project("{9A19103F-16F7-4668-BE54-9A1E7A4F7556}") = "dataneo.ExtensionsTest", "Tests\dataneo.ExtensionsTest\dataneo.ExtensionsTest.csproj", "{7B811A0A-288E-4929-9A6F-8ECF4718ADA6}"
EndProject
Project("{9A19103F-16F7-4668-BE54-9A1E7A4F7556}") = "dataneo.SharedKernelTests", "Tests\dataneo.SharedKernelTests\dataneo.SharedKernelTests.csproj", "{71148870-FE5A-4813-B7BA-7915AAE21E34}"
EndProject
Project("{2150E333-8FDC-42A3-9474-1A3956D46DE8}") = "Benchmark", "Benchmark", "{59BE2D38-86A3-4B81-8E84-46CCCBF9885C}"
EndProject
Project("{9A19103F-16F7-4668-BE54-9A1E7A4F7556}") = "dataneo.Extensions.Benchmarks", "Benchmarks\dataneo.Extensions.Benchmarks\dataneo.Extensions.Benchmarks.csproj", "{662264FA-0DC7-4728-A710-AB52C6C66258}"
EndProject
Global
	GlobalSection(SharedMSBuildProjectFiles) = preSolution
		dataneo.Extensions\dataneo.Extensions.projitems*{662264fa-0dc7-4728-a710-ab52c6c66258}*SharedItemsImports = 5
		dataneo.Extensions\dataneo.Extensions.projitems*{75335cb5-49e9-4697-9d01-cf09f5cccbac}*SharedItemsImports = 13
		dataneo.Extensions\dataneo.Extensions.projitems*{7b811a0a-288e-4929-9a6f-8ecf4718ada6}*SharedItemsImports = 5
	EndGlobalSection
	GlobalSection(SolutionConfigurationPlatforms) = preSolution
		Debug|Any CPU = Debug|Any CPU
		Release|Any CPU = Release|Any CPU
	EndGlobalSection
	GlobalSection(ProjectConfigurationPlatforms) = postSolution
		{7B811A0A-288E-4929-9A6F-8ECF4718ADA6}.Debug|Any CPU.ActiveCfg = Debug|Any CPU
		{7B811A0A-288E-4929-9A6F-8ECF4718ADA6}.Debug|Any CPU.Build.0 = Debug|Any CPU
		{7B811A0A-288E-4929-9A6F-8ECF4718ADA6}.Release|Any CPU.ActiveCfg = Release|Any CPU
		{7B811A0A-288E-4929-9A6F-8ECF4718ADA6}.Release|Any CPU.Build.0 = Release|Any CPU
		{71148870-FE5A-4813-B7BA-7915AAE21E34}.Debug|Any CPU.ActiveCfg = Debug|Any CPU
		{71148870-FE5A-4813-B7BA-7915AAE21E34}.Debug|Any CPU.Build.0 = Debug|Any CPU
		{71148870-FE5A-4813-B7BA-7915AAE21E34}.Release|Any CPU.ActiveCfg = Release|Any CPU
		{71148870-FE5A-4813-B7BA-7915AAE21E34}.Release|Any CPU.Build.0 = Release|Any CPU
		{662264FA-0DC7-4728-A710-AB52C6C66258}.Debug|Any CPU.ActiveCfg = Debug|Any CPU
		{662264FA-0DC7-4728-A710-AB52C6C66258}.Debug|Any CPU.Build.0 = Debug|Any CPU
		{662264FA-0DC7-4728-A710-AB52C6C66258}.Release|Any CPU.ActiveCfg = Release|Any CPU
		{662264FA-0DC7-4728-A710-AB52C6C66258}.Release|Any CPU.Build.0 = Release|Any CPU
	EndGlobalSection
	GlobalSection(SolutionProperties) = preSolution
		HideSolutionNode = FALSE
	EndGlobalSection
	GlobalSection(NestedProjects) = preSolution
		{7B811A0A-288E-4929-9A6F-8ECF4718ADA6} = {34BF79CC-7A16-4795-9A7B-5BF549D8E1D3}
		{71148870-FE5A-4813-B7BA-7915AAE21E34} = {34BF79CC-7A16-4795-9A7B-5BF549D8E1D3}
		{662264FA-0DC7-4728-A710-AB52C6C66258} = {59BE2D38-86A3-4B81-8E84-46CCCBF9885C}
	EndGlobalSection
	GlobalSection(ExtensibilityGlobals) = postSolution
		SolutionGuid = {F13A8756-E122-4822-8226-37CE674C6D80}
	EndGlobalSection
EndGlobal
